// !$*UTF8*$!
{
	archiveVersion = 1;
	classes = {
	};
	objectVersion = 46;
	objects = {

/* Begin PBXBuildFile section */
		1DA61EA3199D79A1000D420B /* EditViewController.swift in Sources */ = {isa = PBXBuildFile; fileRef = 1DA61EA2199D79A1000D420B /* EditViewController.swift */; };
		1E1438AA1997173D00E955DD /* AppDelegate.swift in Sources */ = {isa = PBXBuildFile; fileRef = 1E1438A91997173D00E955DD /* AppDelegate.swift */; };
		1E1438AF1997173D00E955DD /* Main.storyboard in Resources */ = {isa = PBXBuildFile; fileRef = 1E1438AD1997173D00E955DD /* Main.storyboard */; };
		1E1438B11997173D00E955DD /* Images.xcassets in Resources */ = {isa = PBXBuildFile; fileRef = 1E1438B01997173D00E955DD /* Images.xcassets */; };
		1E1438BD1997173E00E955DD /* SwiftAndParseTests.swift in Sources */ = {isa = PBXBuildFile; fileRef = 1E1438BC1997173E00E955DD /* SwiftAndParseTests.swift */; };
		1E1438C7199718A800E955DD /* AudioToolbox.framework in Frameworks */ = {isa = PBXBuildFile; fileRef = 1E1438C6199718A800E955DD /* AudioToolbox.framework */; };
		1E1438C9199718E300E955DD /* CFNetwork.framework in Frameworks */ = {isa = PBXBuildFile; fileRef = 1E1438C8199718E300E955DD /* CFNetwork.framework */; };
		1E1438CB199718EC00E955DD /* CoreGraphics.framework in Frameworks */ = {isa = PBXBuildFile; fileRef = 1E1438CA199718EC00E955DD /* CoreGraphics.framework */; };
		1E1438CD199718F400E955DD /* CoreLocation.framework in Frameworks */ = {isa = PBXBuildFile; fileRef = 1E1438CC199718F400E955DD /* CoreLocation.framework */; };
		1E1438CF1997190100E955DD /* libz.dylib in Frameworks */ = {isa = PBXBuildFile; fileRef = 1E1438CE1997190100E955DD /* libz.dylib */; };
		1E1438D11997190D00E955DD /* MobileCoreServices.framework in Frameworks */ = {isa = PBXBuildFile; fileRef = 1E1438D01997190D00E955DD /* MobileCoreServices.framework */; };
		1E1438D31997191B00E955DD /* QuartzCore.framework in Frameworks */ = {isa = PBXBuildFile; fileRef = 1E1438D21997191B00E955DD /* QuartzCore.framework */; };
		1E1438D51997192500E955DD /* Security.framework in Frameworks */ = {isa = PBXBuildFile; fileRef = 1E1438D41997192500E955DD /* Security.framework */; };
		1E1438D71997192E00E955DD /* StoreKit.framework in Frameworks */ = {isa = PBXBuildFile; fileRef = 1E1438D61997192E00E955DD /* StoreKit.framework */; };
		1E1438D91997193A00E955DD /* SystemConfiguration.framework in Frameworks */ = {isa = PBXBuildFile; fileRef = 1E1438D81997193A00E955DD /* SystemConfiguration.framework */; };
		1E1438DB1997197B00E955DD /* Parse.framework in Frameworks */ = {isa = PBXBuildFile; fileRef = 1E1438DA1997197B00E955DD /* Parse.framework */; };
		1E1438E1199722DC00E955DD /* TimelineTableViewController.swift in Sources */ = {isa = PBXBuildFile; fileRef = 1E1438E0199722DC00E955DD /* TimelineTableViewController.swift */; };
		1E1438E31997234D00E955DD /* ComposeViewController.swift in Sources */ = {isa = PBXBuildFile; fileRef = 1E1438E21997234D00E955DD /* ComposeViewController.swift */; };
		1E1438E7199725C700E955DD /* TweetTableViewCell.swift in Sources */ = {isa = PBXBuildFile; fileRef = 1E1438E6199725C700E955DD /* TweetTableViewCell.swift */; };
/* End PBXBuildFile section */

/* Begin PBXContainerItemProxy section */
		1E1438B71997173E00E955DD /* PBXContainerItemProxy */ = {
			isa = PBXContainerItemProxy;
			containerPortal = 1E14389C1997173D00E955DD /* Project object */;
			proxyType = 1;
			remoteGlobalIDString = 1E1438A31997173D00E955DD;
			remoteInfo = SwiftAndParse;
		};
/* End PBXContainerItemProxy section */

/* Begin PBXFileReference section */
		1DA61EA2199D79A1000D420B /* EditViewController.swift */ = {isa = PBXFileReference; fileEncoding = 4; lastKnownFileType = sourcecode.swift; path = EditViewController.swift; sourceTree = "<group>"; };
		1E1438A41997173D00E955DD /* SwiftAndParse.app */ = {isa = PBXFileReference; explicitFileType = wrapper.application; includeInIndex = 0; path = SwiftAndParse.app; sourceTree = BUILT_PRODUCTS_DIR; };
		1E1438A81997173D00E955DD /* Info.plist */ = {isa = PBXFileReference; lastKnownFileType = text.plist.xml; path = Info.plist; sourceTree = "<group>"; };
		1E1438A91997173D00E955DD /* AppDelegate.swift */ = {isa = PBXFileReference; lastKnownFileType = sourcecode.swift; path = AppDelegate.swift; sourceTree = "<group>"; };
		1E1438AE1997173D00E955DD /* Base */ = {isa = PBXFileReference; lastKnownFileType = file.storyboard; name = Base; path = Base.lproj/Main.storyboard; sourceTree = "<group>"; };
		1E1438B01997173D00E955DD /* Images.xcassets */ = {isa = PBXFileReference; lastKnownFileType = folder.assetcatalog; path = Images.xcassets; sourceTree = "<group>"; };
		1E1438B61997173E00E955DD /* SwiftAndParseTests.xctest */ = {isa = PBXFileReference; explicitFileType = wrapper.cfbundle; includeInIndex = 0; path = SwiftAndParseTests.xctest; sourceTree = BUILT_PRODUCTS_DIR; };
		1E1438BB1997173E00E955DD /* Info.plist */ = {isa = PBXFileReference; lastKnownFileType = text.plist.xml; path = Info.plist; sourceTree = "<group>"; };
		1E1438BC1997173E00E955DD /* SwiftAndParseTests.swift */ = {isa = PBXFileReference; lastKnownFileType = sourcecode.swift; path = SwiftAndParseTests.swift; sourceTree = "<group>"; };
		1E1438C6199718A800E955DD /* AudioToolbox.framework */ = {isa = PBXFileReference; lastKnownFileType = wrapper.framework; name = AudioToolbox.framework; path = System/Library/Frameworks/AudioToolbox.framework; sourceTree = SDKROOT; };
		1E1438C8199718E300E955DD /* CFNetwork.framework */ = {isa = PBXFileReference; lastKnownFileType = wrapper.framework; name = CFNetwork.framework; path = System/Library/Frameworks/CFNetwork.framework; sourceTree = SDKROOT; };
		1E1438CA199718EC00E955DD /* CoreGraphics.framework */ = {isa = PBXFileReference; lastKnownFileType = wrapper.framework; name = CoreGraphics.framework; path = System/Library/Frameworks/CoreGraphics.framework; sourceTree = SDKROOT; };
		1E1438CC199718F400E955DD /* CoreLocation.framework */ = {isa = PBXFileReference; lastKnownFileType = wrapper.framework; name = CoreLocation.framework; path = System/Library/Frameworks/CoreLocation.framework; sourceTree = SDKROOT; };
		1E1438CE1997190100E955DD /* libz.dylib */ = {isa = PBXFileReference; lastKnownFileType = "compiled.mach-o.dylib"; name = libz.dylib; path = usr/lib/libz.dylib; sourceTree = SDKROOT; };
		1E1438D01997190D00E955DD /* MobileCoreServices.framework */ = {isa = PBXFileReference; lastKnownFileType = wrapper.framework; name = MobileCoreServices.framework; path = System/Library/Frameworks/MobileCoreServices.framework; sourceTree = SDKROOT; };
		1E1438D21997191B00E955DD /* QuartzCore.framework */ = {isa = PBXFileReference; lastKnownFileType = wrapper.framework; name = QuartzCore.framework; path = System/Library/Frameworks/QuartzCore.framework; sourceTree = SDKROOT; };
		1E1438D41997192500E955DD /* Security.framework */ = {isa = PBXFileReference; lastKnownFileType = wrapper.framework; name = Security.framework; path = System/Library/Frameworks/Security.framework; sourceTree = SDKROOT; };
		1E1438D61997192E00E955DD /* StoreKit.framework */ = {isa = PBXFileReference; lastKnownFileType = wrapper.framework; name = StoreKit.framework; path = System/Library/Frameworks/StoreKit.framework; sourceTree = SDKROOT; };
		1E1438D81997193A00E955DD /* SystemConfiguration.framework */ = {isa = PBXFileReference; lastKnownFileType = wrapper.framework; name = SystemConfiguration.framework; path = System/Library/Frameworks/SystemConfiguration.framework; sourceTree = SDKROOT; };
		1E1438DA1997197B00E955DD /* Parse.framework */ = {isa = PBXFileReference; lastKnownFileType = wrapper.framework; path = Parse.framework; sourceTree = "<group>"; };
		1E1438DD19971A0800E955DD /* SwiftAndParse-Bridging-Header.h */ = {isa = PBXFileReference; lastKnownFileType = sourcecode.c.h; path = "SwiftAndParse-Bridging-Header.h"; sourceTree = "<group>"; };
		1E1438E0199722DC00E955DD /* TimelineTableViewController.swift */ = {isa = PBXFileReference; fileEncoding = 4; lastKnownFileType = sourcecode.swift; path = TimelineTableViewController.swift; sourceTree = "<group>"; };
		1E1438E21997234D00E955DD /* ComposeViewController.swift */ = {isa = PBXFileReference; fileEncoding = 4; lastKnownFileType = sourcecode.swift; path = ComposeViewController.swift; sourceTree = "<group>"; };
		1E1438E6199725C700E955DD /* TweetTableViewCell.swift */ = {isa = PBXFileReference; fileEncoding = 4; lastKnownFileType = sourcecode.swift; name = TweetTableViewCell.swift; path = ../TweetTableViewCell.swift; sourceTree = "<group>"; };
/* End PBXFileReference section */

/* Begin PBXFrameworksBuildPhase section */
		1E1438A11997173D00E955DD /* Frameworks */ = {
			isa = PBXFrameworksBuildPhase;
			buildActionMask = 2147483647;
			files = (
				1E1438D91997193A00E955DD /* SystemConfiguration.framework in Frameworks */,
				1E1438D71997192E00E955DD /* StoreKit.framework in Frameworks */,
				1E1438D51997192500E955DD /* Security.framework in Frameworks */,
				1E1438D31997191B00E955DD /* QuartzCore.framework in Frameworks */,
				1E1438D11997190D00E955DD /* MobileCoreServices.framework in Frameworks */,
				1E1438CF1997190100E955DD /* libz.dylib in Frameworks */,
				1E1438DB1997197B00E955DD /* Parse.framework in Frameworks */,
				1E1438CD199718F400E955DD /* CoreLocation.framework in Frameworks */,
				1E1438CB199718EC00E955DD /* CoreGraphics.framework in Frameworks */,
				1E1438C9199718E300E955DD /* CFNetwork.framework in Frameworks */,
				1E1438C7199718A800E955DD /* AudioToolbox.framework in Frameworks */,
			);
			runOnlyForDeploymentPostprocessing = 0;
		};
		1E1438B31997173E00E955DD /* Frameworks */ = {
			isa = PBXFrameworksBuildPhase;
			buildActionMask = 2147483647;
			files = (
			);
			runOnlyForDeploymentPostprocessing = 0;
		};
/* End PBXFrameworksBuildPhase section */

/* Begin PBXGroup section */
		1E14389B1997173D00E955DD = {
			isa = PBXGroup;
			children = (
				1E1438DC1997199400E955DD /* Frameworks */,
				1E1438A61997173D00E955DD /* SwiftAndParse */,
				1E1438B91997173E00E955DD /* SwiftAndParseTests */,
				1E1438A51997173D00E955DD /* Products */,
			);
			sourceTree = "<group>";
		};
		1E1438A51997173D00E955DD /* Products */ = {
			isa = PBXGroup;
			children = (
				1E1438A41997173D00E955DD /* SwiftAndParse.app */,
				1E1438B61997173E00E955DD /* SwiftAndParseTests.xctest */,
			);
			name = Products;
			sourceTree = "<group>";
		};
		1E1438A61997173D00E955DD /* SwiftAndParse */ = {
			isa = PBXGroup;
			children = (
				1E1438A91997173D00E955DD /* AppDelegate.swift */,
				1E1438E0199722DC00E955DD /* TimelineTableViewController.swift */,
				1E1438E21997234D00E955DD /* ComposeViewController.swift */,
				1DA61EA2199D79A1000D420B /* EditViewController.swift */,
				1E1438E6199725C700E955DD /* TweetTableViewCell.swift */,
				1E1438DD19971A0800E955DD /* SwiftAndParse-Bridging-Header.h */,
				1E1438AD1997173D00E955DD /* Main.storyboard */,
				1E1438B01997173D00E955DD /* Images.xcassets */,
				1E1438A71997173D00E955DD /* Supporting Files */,
			);
			path = SwiftAndParse;
			sourceTree = "<group>";
		};
		1E1438A71997173D00E955DD /* Supporting Files */ = {
			isa = PBXGroup;
			children = (
				1E1438A81997173D00E955DD /* Info.plist */,
			);
			name = "Supporting Files";
			sourceTree = "<group>";
		};
		1E1438B91997173E00E955DD /* SwiftAndParseTests */ = {
			isa = PBXGroup;
			children = (
				1E1438BC1997173E00E955DD /* SwiftAndParseTests.swift */,
				1E1438BA1997173E00E955DD /* Supporting Files */,
			);
			path = SwiftAndParseTests;
			sourceTree = "<group>";
		};
		1E1438BA1997173E00E955DD /* Supporting Files */ = {
			isa = PBXGroup;
			children = (
				1E1438BB1997173E00E955DD /* Info.plist */,
			);
			name = "Supporting Files";
			sourceTree = "<group>";
		};
		1E1438DC1997199400E955DD /* Frameworks */ = {
			isa = PBXGroup;
			children = (
				1E1438DA1997197B00E955DD /* Parse.framework */,
				1E1438D81997193A00E955DD /* SystemConfiguration.framework */,
				1E1438D61997192E00E955DD /* StoreKit.framework */,
				1E1438D41997192500E955DD /* Security.framework */,
				1E1438D21997191B00E955DD /* QuartzCore.framework */,
				1E1438D01997190D00E955DD /* MobileCoreServices.framework */,
				1E1438CE1997190100E955DD /* libz.dylib */,
				1E1438CC199718F400E955DD /* CoreLocation.framework */,
				1E1438CA199718EC00E955DD /* CoreGraphics.framework */,
				1E1438C8199718E300E955DD /* CFNetwork.framework */,
				1E1438C6199718A800E955DD /* AudioToolbox.framework */,
			);
			name = Frameworks;
			sourceTree = "<group>";
		};
/* End PBXGroup section */

/* Begin PBXNativeTarget section */
		1E1438A31997173D00E955DD /* SwiftAndParse */ = {
			isa = PBXNativeTarget;
			buildConfigurationList = 1E1438C01997173E00E955DD /* Build configuration list for PBXNativeTarget "SwiftAndParse" */;
			buildPhases = (
				1E1438A01997173D00E955DD /* Sources */,
				1E1438A11997173D00E955DD /* Frameworks */,
				1E1438A21997173D00E955DD /* Resources */,
			);
			buildRules = (
			);
			dependencies = (
			);
			name = SwiftAndParse;
			productName = SwiftAndParse;
			productReference = 1E1438A41997173D00E955DD /* SwiftAndParse.app */;
			productType = "com.apple.product-type.application";
		};
		1E1438B51997173E00E955DD /* SwiftAndParseTests */ = {
			isa = PBXNativeTarget;
			buildConfigurationList = 1E1438C31997173E00E955DD /* Build configuration list for PBXNativeTarget "SwiftAndParseTests" */;
			buildPhases = (
				1E1438B21997173E00E955DD /* Sources */,
				1E1438B31997173E00E955DD /* Frameworks */,
				1E1438B41997173E00E955DD /* Resources */,
			);
			buildRules = (
			);
			dependencies = (
				1E1438B81997173E00E955DD /* PBXTargetDependency */,
			);
			name = SwiftAndParseTests;
			productName = SwiftAndParseTests;
			productReference = 1E1438B61997173E00E955DD /* SwiftAndParseTests.xctest */;
			productType = "com.apple.product-type.bundle.unit-test";
		};
/* End PBXNativeTarget section */

/* Begin PBXProject section */
		1E14389C1997173D00E955DD /* Project object */ = {
			isa = PBXProject;
			attributes = {
				LastUpgradeCheck = 0600;
				ORGANIZATIONNAME = "Yuto Kitakuni";
				TargetAttributes = {
					1E1438A31997173D00E955DD = {
						CreatedOnToolsVersion = 6.0;
					};
					1E1438B51997173E00E955DD = {
						CreatedOnToolsVersion = 6.0;
						TestTargetID = 1E1438A31997173D00E955DD;
					};
				};
			};
			buildConfigurationList = 1E14389F1997173D00E955DD /* Build configuration list for PBXProject "SwiftAndParse" */;
			compatibilityVersion = "Xcode 3.2";
			developmentRegion = English;
			hasScannedForEncodings = 0;
			knownRegions = (
				en,
				Base,
			);
			mainGroup = 1E14389B1997173D00E955DD;
			productRefGroup = 1E1438A51997173D00E955DD /* Products */;
			projectDirPath = "";
			projectRoot = "";
			targets = (
				1E1438A31997173D00E955DD /* SwiftAndParse */,
				1E1438B51997173E00E955DD /* SwiftAndParseTests */,
			);
		};
/* End PBXProject section */

/* Begin PBXResourcesBuildPhase section */
		1E1438A21997173D00E955DD /* Resources */ = {
			isa = PBXResourcesBuildPhase;
			buildActionMask = 2147483647;
			files = (
				1E1438AF1997173D00E955DD /* Main.storyboard in Resources */,
				1E1438B11997173D00E955DD /* Images.xcassets in Resources */,
			);
			runOnlyForDeploymentPostprocessing = 0;
		};
		1E1438B41997173E00E955DD /* Resources */ = {
			isa = PBXResourcesBuildPhase;
			buildActionMask = 2147483647;
			files = (
			);
			runOnlyForDeploymentPostprocessing = 0;
		};
/* End PBXResourcesBuildPhase section */

/* Begin PBXSourcesBuildPhase section */
		1E1438A01997173D00E955DD /* Sources */ = {
			isa = PBXSourcesBuildPhase;
			buildActionMask = 2147483647;
			files = (
				1DA61EA3199D79A1000D420B /* EditViewController.swift in Sources */,
				1E1438E31997234D00E955DD /* ComposeViewController.swift in Sources */,
				1E1438E1199722DC00E955DD /* TimelineTableViewController.swift in Sources */,
				1E1438AA1997173D00E955DD /* AppDelegate.swift in Sources */,
				1E1438E7199725C700E955DD /* TweetTableViewCell.swift in Sources */,
			);
			runOnlyForDeploymentPostprocessing = 0;
		};
		1E1438B21997173E00E955DD /* Sources */ = {
			isa = PBXSourcesBuildPhase;
			buildActionMask = 2147483647;
			files = (
				1E1438BD1997173E00E955DD /* SwiftAndParseTests.swift in Sources */,
			);
			runOnlyForDeploymentPostprocessing = 0;
		};
/* End PBXSourcesBuildPhase section */

/* Begin PBXTargetDependency section */
		1E1438B81997173E00E955DD /* PBXTargetDependency */ = {
			isa = PBXTargetDependency;
			target = 1E1438A31997173D00E955DD /* SwiftAndParse */;
			targetProxy = 1E1438B71997173E00E955DD /* PBXContainerItemProxy */;
		};
/* End PBXTargetDependency section */

/* Begin PBXVariantGroup section */
		1E1438AD1997173D00E955DD /* Main.storyboard */ = {
			isa = PBXVariantGroup;
			children = (
				1E1438AE1997173D00E955DD /* Base */,
			);
			name = Main.storyboard;
			sourceTree = "<group>";
		};
/* End PBXVariantGroup section */

/* Begin XCBuildConfiguration section */
		1E1438BE1997173E00E955DD /* Debug */ = {
			isa = XCBuildConfiguration;
			buildSettings = {
				ALWAYS_SEARCH_USER_PATHS = NO;
				CLANG_CXX_LANGUAGE_STANDARD = "gnu++0x";
				CLANG_CXX_LIBRARY = "libc++";
				CLANG_ENABLE_MODULES = YES;
				CLANG_ENABLE_OBJC_ARC = YES;
				CLANG_WARN_BOOL_CONVERSION = YES;
				CLANG_WARN_CONSTANT_CONVERSION = YES;
				CLANG_WARN_DIRECT_OBJC_ISA_USAGE = YES_ERROR;
				CLANG_WARN_EMPTY_BODY = YES;
				CLANG_WARN_ENUM_CONVERSION = YES;
				CLANG_WARN_INT_CONVERSION = YES;
				CLANG_WARN_OBJC_ROOT_CLASS = YES_ERROR;
				CLANG_WARN_UNREACHABLE_CODE = YES;
				CLANG_WARN__DUPLICATE_METHOD_MATCH = YES;
				"CODE_SIGN_IDENTITY[sdk=iphoneos*]" = "iPhone Developer";
				COPY_PHASE_STRIP = NO;
				ENABLE_STRICT_OBJC_MSGSEND = YES;
				GCC_C_LANGUAGE_STANDARD = gnu99;
				GCC_DYNAMIC_NO_PIC = NO;
				GCC_OPTIMIZATION_LEVEL = 0;
				GCC_PREPROCESSOR_DEFINITIONS = (
					"DEBUG=1",
					"$(inherited)",
				);
				GCC_SYMBOLS_PRIVATE_EXTERN = NO;
				GCC_WARN_64_TO_32_BIT_CONVERSION = YES;
				GCC_WARN_ABOUT_RETURN_TYPE = YES_ERROR;
				GCC_WARN_UNDECLARED_SELECTOR = YES;
				GCC_WARN_UNINITIALIZED_AUTOS = YES_AGGRESSIVE;
				GCC_WARN_UNUSED_FUNCTION = YES;
				GCC_WARN_UNUSED_VARIABLE = YES;
				IPHONEOS_DEPLOYMENT_TARGET = 8.0;
				MTL_ENABLE_DEBUG_INFO = YES;
				ONLY_ACTIVE_ARCH = YES;
				SDKROOT = iphoneos;
				SWIFT_OPTIMIZATION_LEVEL = "-Onone";
			};
			name = Debug;
		};
		1E1438BF1997173E00E955DD /* Release */ = {
			isa = XCBuildConfiguration;
			buildSettings = {
				ALWAYS_SEARCH_USER_PATHS = NO;
				CLANG_CXX_LANGUAGE_STANDARD = "gnu++0x";
				CLANG_CXX_LIBRARY = "libc++";
				CLANG_ENABLE_MODULES = YES;
				CLANG_ENABLE_OBJC_ARC = YES;
				CLANG_WARN_BOOL_CONVERSION = YES;
				CLANG_WARN_CONSTANT_CONVERSION = YES;
				CLANG_WARN_DIRECT_OBJC_ISA_USAGE = YES_ERROR;
				CLANG_WARN_EMPTY_BODY = YES;
				CLANG_WARN_ENUM_CONVERSION = YES;
				CLANG_WARN_INT_CONVERSION = YES;
				CLANG_WARN_OBJC_ROOT_CLASS = YES_ERROR;
				CLANG_WARN_UNREACHABLE_CODE = YES;
				CLANG_WARN__DUPLICATE_METHOD_MATCH = YES;
				"CODE_SIGN_IDENTITY[sdk=iphoneos*]" = "iPhone Developer";
				COPY_PHASE_STRIP = YES;
				ENABLE_NS_ASSERTIONS = NO;
				ENABLE_STRICT_OBJC_MSGSEND = YES;
				GCC_C_LANGUAGE_STANDARD = gnu99;
				GCC_WARN_64_TO_32_BIT_CONVERSION = YES;
				GCC_WARN_ABOUT_RETURN_TYPE = YES_ERROR;
				GCC_WARN_UNDECLARED_SELECTOR = YES;
				GCC_WARN_UNINITIALIZED_AUTOS = YES_AGGRESSIVE;
				GCC_WARN_UNUSED_FUNCTION = YES;
				GCC_WARN_UNUSED_VARIABLE = YES;
				IPHONEOS_DEPLOYMENT_TARGET = 8.0;
				MTL_ENABLE_DEBUG_INFO = NO;
				SDKROOT = iphoneos;
				VALIDATE_PRODUCT = YES;
			};
			name = Release;
		};
		1E1438C11997173E00E955DD /* Debug */ = {
			isa = XCBuildConfiguration;
			buildSettings = {
				ASSETCATALOG_COMPILER_APPICON_NAME = AppIcon;
				ASSETCATALOG_COMPILER_LAUNCHIMAGE_NAME = LaunchImage;
				CLANG_ENABLE_MODULES = YES;
				FRAMEWORK_SEARCH_PATHS = (
					"$(inherited)",
					"$(PROJECT_DIR)",
				);
				INFOPLIST_FILE = SwiftAndParse/Info.plist;
				LD_RUNPATH_SEARCH_PATHS = "$(inherited) @executable_path/Frameworks";
				PRODUCT_NAME = "$(TARGET_NAME)";
				SWIFT_OBJC_BRIDGING_HEADER = "SwiftAndParse/SwiftAndParse-Bridging-Header.h";
				SWIFT_OPTIMIZATION_LEVEL = "-Onone";
			};
			name = Debug;
		};
		1E1438C21997173E00E955DD /* Release */ = {
			isa = XCBuildConfiguration;
			buildSettings = {
				ASSETCATALOG_COMPILER_APPICON_NAME = AppIcon;
				ASSETCATALOG_COMPILER_LAUNCHIMAGE_NAME = LaunchImage;
				CLANG_ENABLE_MODULES = YES;
				FRAMEWORK_SEARCH_PATHS = (
					"$(inherited)",
					"$(PROJECT_DIR)",
				);
				INFOPLIST_FILE = SwiftAndParse/Info.plist;
				LD_RUNPATH_SEARCH_PATHS = "$(inherited) @executable_path/Frameworks";
				PRODUCT_NAME = "$(TARGET_NAME)";
				SWIFT_OBJC_BRIDGING_HEADER = "SwiftAndParse/SwiftAndParse-Bridging-Header.h";
			};
			name = Release;
		};
		1E1438C41997173E00E955DD /* Debug */ = {
			isa = XCBuildConfiguration;
			buildSettings = {
				BUNDLE_LOADER = "$(BUILT_PRODUCTS_DIR)/SwiftAndParse.app/SwiftAndParse";
				FRAMEWORK_SEARCH_PATHS = (
					"$(SDKROOT)/Developer/Library/Frameworks",
					"$(inherited)",
				);
				GCC_PREPROCESSOR_DEFINITIONS = (
					"DEBUG=1",
					"$(inherited)",
				);
				INFOPLIST_FILE = SwiftAndParseTests/Info.plist;
				LD_RUNPATH_SEARCH_PATHS = "$(inherited) @executable_path/Frameworks @loader_path/Frameworks";
				PRODUCT_NAME = "$(TARGET_NAME)";
				TEST_HOST = "$(BUNDLE_LOADER)";
			};
			name = Debug;
		};
		1E1438C51997173E00E955DD /* Release */ = {
			isa = XCBuildConfiguration;
			buildSettings = {
				BUNDLE_LOADER = "$(BUILT_PRODUCTS_DIR)/SwiftAndParse.app/SwiftAndParse";
				FRAMEWORK_SEARCH_PATHS = (
					"$(SDKROOT)/Developer/Library/Frameworks",
					"$(inherited)",
				);
				INFOPLIST_FILE = SwiftAndParseTests/Info.plist;
				LD_RUNPATH_SEARCH_PATHS = "$(inherited) @executable_path/Frameworks @loader_path/Frameworks";
				PRODUCT_NAME = "$(TARGET_NAME)";
				TEST_HOST = "$(BUNDLE_LOADER)";
			};
			name = Release;
		};
/* End XCBuildConfiguration section */

/* Begin XCConfigurationList section */
		1E14389F1997173D00E955DD /* Build configuration list for PBXProject "SwiftAndParse" */ = {
			isa = XCConfigurationList;
			buildConfigurations = (
				1E1438BE1997173E00E955DD /* Debug */,
				1E1438BF1997173E00E955DD /* Release */,
			);
			defaultConfigurationIsVisible = 0;
			defaultConfigurationName = Release;
		};
		1E1438C01997173E00E955DD /* Build configuration list for PBXNativeTarget "SwiftAndParse" */ = {
			isa = XCConfigurationList;
			buildConfigurations = (
				1E1438C11997173E00E955DD /* Debug */,
				1E1438C21997173E00E955DD /* Release */,
			);
			defaultConfigurationIsVisible = 0;
			defaultConfigurationName = Release;
		};
		1E1438C31997173E00E955DD /* Build configuration list for PBXNativeTarget "SwiftAndParseTests" */ = {
			isa = XCConfigurationList;
			buildConfigurations = (
				1E1438C41997173E00E955DD /* Debug */,
				1E1438C51997173E00E955DD /* Release */,
			);
			defaultConfigurationIsVisible = 0;
			defaultConfigurationName = Release;
		};
/* End XCConfigurationList section */
	};
	rootObject = 1E14389C1997173D00E955DD /* Project object */;
}
